
Microsoft Visual Studio Solution File, Format Version 12.00
# Visual Studio Version 17
VisualStudioVersion = 17.5.33627.172
MinimumVisualStudioVersion = 10.0.40219.1
Project("{FAE04EC0-301F-11D3-BF4B-00C04F79EFBC}") = "TrelloRepo", "TrelloRepo\TrelloRepo.csproj", "{2FB4D333-8B72-4E20-A7E2-0B669A143F5B}"
EndProject
Project("{FAE04EC0-301F-11D3-BF4B-00C04F79EFBC}") = "ConsoleClient", "ConsoleClient\ConsoleClient.csproj", "{367E6F26-1C66-4488-AC82-FEC5015D1D63}"
EndProject
Project("{FAE04EC0-301F-11D3-BF4B-00C04F79EFBC}") = "DesktopClient2", "DesktopClient2\DesktopClient2.csproj", "{3FD0F1B2-9A9F-46D2-B094-F908F3EA9EC2}"
EndProject
Global
	GlobalSection(SolutionConfigurationPlatforms) = preSolution
		Debug|Any CPU = Debug|Any CPU
		Release|Any CPU = Release|Any CPU
	EndGlobalSection
	GlobalSection(ProjectConfigurationPlatforms) = postSolution
		{2FB4D333-8B72-4E20-A7E2-0B669A143F5B}.Debug|Any CPU.ActiveCfg = Debug|Any CPU
		{2FB4D333-8B72-4E20-A7E2-0B669A143F5B}.Debug|Any CPU.Build.0 = Debug|Any CPU
		{2FB4D333-8B72-4E20-A7E2-0B669A143F5B}.Release|Any CPU.ActiveCfg = Release|Any CPU
		{2FB4D333-8B72-4E20-A7E2-0B669A143F5B}.Release|Any CPU.Build.0 = Release|Any CPU
		{367E6F26-1C66-4488-AC82-FEC5015D1D63}.Debug|Any CPU.ActiveCfg = Debug|Any CPU
		{367E6F26-1C66-4488-AC82-FEC5015D1D63}.Debug|Any CPU.Build.0 = Debug|Any CPU
		{367E6F26-1C66-4488-AC82-FEC5015D1D63}.Release|Any CPU.ActiveCfg = Release|Any CPU
		{367E6F26-1C66-4488-AC82-FEC5015D1D63}.Release|Any CPU.Build.0 = Release|Any CPU
		{3FD0F1B2-9A9F-46D2-B094-F908F3EA9EC2}.Debug|Any CPU.ActiveCfg = Debug|Any CPU
		{3FD0F1B2-9A9F-46D2-B094-F908F3EA9EC2}.Debug|Any CPU.Build.0 = Debug|Any CPU
		{3FD0F1B2-9A9F-46D2-B094-F908F3EA9EC2}.Release|Any CPU.ActiveCfg = Release|Any CPU
		{3FD0F1B2-9A9F-46D2-B094-F908F3EA9EC2}.Release|Any CPU.Build.0 = Release|Any CPU
	EndGlobalSection
	GlobalSection(SolutionProperties) = preSolution
		HideSolutionNode = FALSE
	EndGlobalSection
	GlobalSection(ExtensibilityGlobals) = postSolution
		SolutionGuid = {DB8B39DE-567B-4935-9A34-911B1E88CCED}
	EndGlobalSection
EndGlobal
